// !$*UTF8*$!
{
	archiveVersion = 1;
	classes = {
	};
	objectVersion = 50;
	objects = {

/* Begin PBXBuildFile section */
		EB82936726231AA800CC01C4 /* AppDelegate.swift in Sources */ = {isa = PBXBuildFile; fileRef = EB82936626231AA800CC01C4 /* AppDelegate.swift */; };
		EB82936926231AA800CC01C4 /* art.scnassets in Resources */ = {isa = PBXBuildFile; fileRef = EB82936826231AA800CC01C4 /* art.scnassets */; };
		EB82936B26231AA800CC01C4 /* ViewController.swift in Sources */ = {isa = PBXBuildFile; fileRef = EB82936A26231AA800CC01C4 /* ViewController.swift */; };
		EB82936E26231AA800CC01C4 /* Main.storyboard in Resources */ = {isa = PBXBuildFile; fileRef = EB82936C26231AA800CC01C4 /* Main.storyboard */; };
		EB82937026231AAA00CC01C4 /* Assets.xcassets in Resources */ = {isa = PBXBuildFile; fileRef = EB82936F26231AAA00CC01C4 /* Assets.xcassets */; };
		EB82937326231AAA00CC01C4 /* LaunchScreen.storyboard in Resources */ = {isa = PBXBuildFile; fileRef = EB82937126231AAA00CC01C4 /* LaunchScreen.storyboard */; };
/* End PBXBuildFile section */

/* Begin PBXFileReference section */
		EB82936326231AA800CC01C4 /* ICE-08-ARKit.app */ = {isa = PBXFileReference; explicitFileType = wrapper.application; includeInIndex = 0; path = "ICE-08-ARKit.app"; sourceTree = BUILT_PRODUCTS_DIR; };
		EB82936626231AA800CC01C4 /* AppDelegate.swift */ = {isa = PBXFileReference; lastKnownFileType = sourcecode.swift; path = AppDelegate.swift; sourceTree = "<group>"; };
		EB82936826231AA800CC01C4 /* art.scnassets */ = {isa = PBXFileReference; lastKnownFileType = wrapper.scnassets; path = art.scnassets; sourceTree = "<group>"; };
		EB82936A26231AA800CC01C4 /* ViewController.swift */ = {isa = PBXFileReference; lastKnownFileType = sourcecode.swift; path = ViewController.swift; sourceTree = "<group>"; };
		EB82936D26231AA800CC01C4 /* Base */ = {isa = PBXFileReference; lastKnownFileType = file.storyboard; name = Base; path = Base.lproj/Main.storyboard; sourceTree = "<group>"; };
		EB82936F26231AAA00CC01C4 /* Assets.xcassets */ = {isa = PBXFileReference; lastKnownFileType = folder.assetcatalog; path = Assets.xcassets; sourceTree = "<group>"; };
		EB82937226231AAA00CC01C4 /* Base */ = {isa = PBXFileReference; lastKnownFileType = file.storyboard; name = Base; path = Base.lproj/LaunchScreen.storyboard; sourceTree = "<group>"; };
		EB82937426231AAA00CC01C4 /* Info.plist */ = {isa = PBXFileReference; lastKnownFileType = text.plist.xml; path = Info.plist; sourceTree = "<group>"; };
/* End PBXFileReference section */

/* Begin PBXFrameworksBuildPhase section */
		EB82936026231AA800CC01C4 /* Frameworks */ = {
			isa = PBXFrameworksBuildPhase;
			buildActionMask = 2147483647;
			files = (
			);
			runOnlyForDeploymentPostprocessing = 0;
		};
/* End PBXFrameworksBuildPhase section */

/* Begin PBXGroup section */
		EB82935A26231AA800CC01C4 = {
			isa = PBXGroup;
			children = (
				EB82936526231AA800CC01C4 /* ICE-08-ARKit */,
				EB82936426231AA800CC01C4 /* Products */,
			);
			sourceTree = "<group>";
		};
		EB82936426231AA800CC01C4 /* Products */ = {
			isa = PBXGroup;
			children = (
				EB82936326231AA800CC01C4 /* ICE-08-ARKit.app */,
			);
			name = Products;
			sourceTree = "<group>";
		};
		EB82936526231AA800CC01C4 /* ICE-08-ARKit */ = {
			isa = PBXGroup;
			children = (
				EB82936626231AA800CC01C4 /* AppDelegate.swift */,
				EB82936826231AA800CC01C4 /* art.scnassets */,
				EB82936A26231AA800CC01C4 /* ViewController.swift */,
				EB82936C26231AA800CC01C4 /* Main.storyboard */,
				EB82936F26231AAA00CC01C4 /* Assets.xcassets */,
				EB82937126231AAA00CC01C4 /* LaunchScreen.storyboard */,
				EB82937426231AAA00CC01C4 /* Info.plist */,
			);
			path = "ICE-08-ARKit";
			sourceTree = "<group>";
		};
/* End PBXGroup section */

/* Begin PBXNativeTarget section */
		EB82936226231AA800CC01C4 /* ICE-08-ARKit */ = {
			isa = PBXNativeTarget;
			buildConfigurationList = EB82937726231AAA00CC01C4 /* Build configuration list for PBXNativeTarget "ICE-08-ARKit" */;
			buildPhases = (
				EB82935F26231AA800CC01C4 /* Sources */,
				EB82936026231AA800CC01C4 /* Frameworks */,
				EB82936126231AA800CC01C4 /* Resources */,
			);
			buildRules = (
			);
			dependencies = (
			);
			name = "ICE-08-ARKit";
			productName = "ICE-08-ARKit";
			productReference = EB82936326231AA800CC01C4 /* ICE-08-ARKit.app */;
			productType = "com.apple.product-type.application";
		};
/* End PBXNativeTarget section */

/* Begin PBXProject section */
		EB82935B26231AA800CC01C4 /* Project object */ = {
			isa = PBXProject;
			attributes = {
				LastSwiftUpdateCheck = 1230;
				LastUpgradeCheck = 1230;
				TargetAttributes = {
					EB82936226231AA800CC01C4 = {
						CreatedOnToolsVersion = 12.3;
					};
				};
			};
			buildConfigurationList = EB82935E26231AA800CC01C4 /* Build configuration list for PBXProject "ICE-08-ARKit" */;
			compatibilityVersion = "Xcode 9.3";
			developmentRegion = en;
			hasScannedForEncodings = 0;
			knownRegions = (
				en,
				Base,
			);
			mainGroup = EB82935A26231AA800CC01C4;
			productRefGroup = EB82936426231AA800CC01C4 /* Products */;
			projectDirPath = "";
			projectRoot = "";
			targets = (
				EB82936226231AA800CC01C4 /* ICE-08-ARKit */,
			);
		};
/* End PBXProject section */

/* Begin PBXResourcesBuildPhase section */
		EB82936126231AA800CC01C4 /* Resources */ = {
			isa = PBXResourcesBuildPhase;
			buildActionMask = 2147483647;
			files = (
				EB82936926231AA800CC01C4 /* art.scnassets in Resources */,
				EB82937326231AAA00CC01C4 /* LaunchScreen.storyboard in Resources */,
				EB82937026231AAA00CC01C4 /* Assets.xcassets in Resources */,
				EB82936E26231AA800CC01C4 /* Main.storyboard in Resources */,
			);
			runOnlyForDeploymentPostprocessing = 0;
		};
/* End PBXResourcesBuildPhase section */

/* Begin PBXSourcesBuildPhase section */
		EB82935F26231AA800CC01C4 /* Sources */ = {
			isa = PBXSourcesBuildPhase;
			buildActionMask = 2147483647;
			files = (
				EB82936B26231AA800CC01C4 /* ViewController.swift in Sources */,
				EB82936726231AA800CC01C4 /* AppDelegate.swift in Sources */,
			);
			runOnlyForDeploymentPostprocessing = 0;
		};
/* End PBXSourcesBuildPhase section */

/* Begin PBXVariantGroup section */
		EB82936C26231AA800CC01C4 /* Main.storyboard */ = {
			isa = PBXVariantGroup;
			children = (
				EB82936D26231AA800CC01C4 /* Base */,
			);
			name = Main.storyboard;
			sourceTree = "<group>";
		};
		EB82937126231AAA00CC01C4 /* LaunchScreen.storyboard */ = {
			isa = PBXVariantGroup;
			children = (
				EB82937226231AAA00CC01C4 /* Base */,
			);
			name = LaunchScreen.storyboard;
			sourceTree = "<group>";
		};
/* End PBXVariantGroup section */

/* Begin XCBuildConfiguration section */
		EB82937526231AAA00CC01C4 /* Debug */ = {
			isa = XCBuildConfiguration;
			buildSettings = {
				ALWAYS_SEARCH_USER_PATHS = NO;
				CLANG_ANALYZER_NONNULL = YES;
				CLANG_ANALYZER_NUMBER_OBJECT_CONVERSION = YES_AGGRESSIVE;
				CLANG_CXX_LANGUAGE_STANDARD = "gnu++14";
				CLANG_CXX_LIBRARY = "libc++";
				CLANG_ENABLE_MODULES = YES;
				CLANG_ENABLE_OBJC_ARC = YES;
				CLANG_ENABLE_OBJC_WEAK = YES;
				CLANG_WARN_BLOCK_CAPTURE_AUTORELEASING = YES;
				CLANG_WARN_BOOL_CONVERSION = YES;
				CLANG_WARN_COMMA = YES;
				CLANG_WARN_CONSTANT_CONVERSION = YES;
				CLANG_WARN_DEPRECATED_OBJC_IMPLEMENTATIONS = YES;
				CLANG_WARN_DIRECT_OBJC_ISA_USAGE = YES_ERROR;
				CLANG_WARN_DOCUMENTATION_COMMENTS = YES;
				CLANG_WARN_EMPTY_BODY = YES;
				CLANG_WARN_ENUM_CONVERSION = YES;
				CLANG_WARN_INFINITE_RECURSION = YES;
				CLANG_WARN_INT_CONVERSION = YES;
				CLANG_WARN_NON_LITERAL_NULL_CONVERSION = YES;
				CLANG_WARN_OBJC_IMPLICIT_RETAIN_SELF = YES;
				CLANG_WARN_OBJC_LITERAL_CONVERSION = YES;
				CLANG_WARN_OBJC_ROOT_CLASS = YES_ERROR;
				CLANG_WARN_QUOTED_INCLUDE_IN_FRAMEWORK_HEADER = YES;
				CLANG_WARN_RANGE_LOOP_ANALYSIS = YES;
				CLANG_WARN_STRICT_PROTOTYPES = YES;
				CLANG_WARN_SUSPICIOUS_MOVE = YES;
				CLANG_WARN_UNGUARDED_AVAILABILITY = YES_AGGRESSIVE;
				CLANG_WARN_UNREACHABLE_CODE = YES;
				CLANG_WARN__DUPLICATE_METHOD_MATCH = YES;
				COPY_PHASE_STRIP = NO;
				DEBUG_INFORMATION_FORMAT = dwarf;
				ENABLE_STRICT_OBJC_MSGSEND = YES;
				ENABLE_TESTABILITY = YES;
				GCC_C_LANGUAGE_STANDARD = gnu11;
				GCC_DYNAMIC_NO_PIC = NO;
				GCC_NO_COMMON_BLOCKS = YES;
				GCC_OPTIMIZATION_LEVEL = 0;
				GCC_PREPROCESSOR_DEFINITIONS = (
					"DEBUG=1",
					"$(inherited)",
				);
				GCC_WARN_64_TO_32_BIT_CONVERSION = YES;
				GCC_WARN_ABOUT_RETURN_TYPE = YES_ERROR;
				GCC_WARN_UNDECLARED_SELECTOR = YES;
				GCC_WARN_UNINITIALIZED_AUTOS = YES_AGGRESSIVE;
				GCC_WARN_UNUSED_FUNCTION = YES;
				GCC_WARN_UNUSED_VARIABLE = YES;
				IPHONEOS_DEPLOYMENT_TARGET = 14.3;
				MTL_ENABLE_DEBUG_INFO = INCLUDE_SOURCE;
				MTL_FAST_MATH = YES;
				ONLY_ACTIVE_ARCH = YES;
				SDKROOT = iphoneos;
				SWIFT_ACTIVE_COMPILATION_CONDITIONS = DEBUG;
				SWIFT_OPTIMIZATION_LEVEL = "-Onone";
			};
			name = Debug;
		};
		EB82937626231AAA00CC01C4 /* Release */ = {
			isa = XCBuildConfiguration;
			buildSettings = {
				ALWAYS_SEARCH_USER_PATHS = NO;
				CLANG_ANALYZER_NONNULL = YES;
				CLANG_ANALYZER_NUMBER_OBJECT_CONVERSION = YES_AGGRESSIVE;
				CLANG_CXX_LANGUAGE_STANDARD = "gnu++14";
				CLANG_CXX_LIBRARY = "libc++";
				CLANG_ENABLE_MODULES = YES;
				CLANG_ENABLE_OBJC_ARC = YES;
				CLANG_ENABLE_OBJC_WEAK = YES;
				CLANG_WARN_BLOCK_CAPTURE_AUTORELEASING = YES;
				CLANG_WARN_BOOL_CONVERSION = YES;
				CLANG_WARN_COMMA = YES;
				CLANG_WARN_CONSTANT_CONVERSION = YES;
				CLANG_WARN_DEPRECATED_OBJC_IMPLEMENTATIONS = YES;
				CLANG_WARN_DIRECT_OBJC_ISA_USAGE = YES_ERROR;
				CLANG_WARN_DOCUMENTATION_COMMENTS = YES;
				CLANG_WARN_EMPTY_BODY = YES;
				CLANG_WARN_ENUM_CONVERSION = YES;
				CLANG_WARN_INFINITE_RECURSION = YES;
				CLANG_WARN_INT_CONVERSION = YES;
				CLANG_WARN_NON_LITERAL_NULL_CONVERSION = YES;
				CLANG_WARN_OBJC_IMPLICIT_RETAIN_SELF = YES;
				CLANG_WARN_OBJC_LITERAL_CONVERSION = YES;
				CLANG_WARN_OBJC_ROOT_CLASS = YES_ERROR;
				CLANG_WARN_QUOTED_INCLUDE_IN_FRAMEWORK_HEADER = YES;
				CLANG_WARN_RANGE_LOOP_ANALYSIS = YES;
				CLANG_WARN_STRICT_PROTOTYPES = YES;
				CLANG_WARN_SUSPICIOUS_MOVE = YES;
				CLANG_WARN_UNGUARDED_AVAILABILITY = YES_AGGRESSIVE;
				CLANG_WARN_UNREACHABLE_CODE = YES;
				CLANG_WARN__DUPLICATE_METHOD_MATCH = YES;
				COPY_PHASE_STRIP = NO;
				DEBUG_INFORMATION_FORMAT = "dwarf-with-dsym";
				ENABLE_NS_ASSERTIONS = NO;
				ENABLE_STRICT_OBJC_MSGSEND = YES;
				GCC_C_LANGUAGE_STANDARD = gnu11;
				GCC_NO_COMMON_BLOCKS = YES;
				GCC_WARN_64_TO_32_BIT_CONVERSION = YES;
				GCC_WARN_ABOUT_RETURN_TYPE = YES_ERROR;
				GCC_WARN_UNDECLARED_SELECTOR = YES;
				GCC_WARN_UNINITIALIZED_AUTOS = YES_AGGRESSIVE;
				GCC_WARN_UNUSED_FUNCTION = YES;
				GCC_WARN_UNUSED_VARIABLE = YES;
				IPHONEOS_DEPLOYMENT_TARGET = 14.3;
				MTL_ENABLE_DEBUG_INFO = NO;
				MTL_FAST_MATH = YES;
				SDKROOT = iphoneos;
				SWIFT_COMPILATION_MODE = wholemodule;
				SWIFT_OPTIMIZATION_LEVEL = "-O";
				VALIDATE_PRODUCT = YES;
			};
			name = Release;
		};
		EB82937826231AAA00CC01C4 /* Debug */ = {
			isa = XCBuildConfiguration;
			buildSettings = {
				ASSETCATALOG_COMPILER_APPICON_NAME = AppIcon;
				ASSETCATALOG_COMPILER_GLOBAL_ACCENT_COLOR_NAME = AccentColor;
				CODE_SIGN_STYLE = Automatic;
				DEVELOPMENT_TEAM = 556335494D;
				INFOPLIST_FILE = "ICE-08-ARKit/Info.plist";
				LD_RUNPATH_SEARCH_PATHS = (
					"$(inherited)",
					"@executable_path/Frameworks",
				);
				PRODUCT_BUNDLE_IDENTIFIER = "ca.centennialcollege.mobile.ICE-08-ARKit";
				PRODUCT_NAME = "$(TARGET_NAME)";
				SWIFT_VERSION = 5.0;
				TARGETED_DEVICE_FAMILY = "1,2";
			};
			name = Debug;
		};
		EB82937926231AAA00CC01C4 /* Release */ = {
			isa = XCBuildConfiguration;
			buildSettings = {
				ASSETCATALOG_COMPILER_APPICON_NAME = AppIcon;
				ASSETCATALOG_COMPILER_GLOBAL_ACCENT_COLOR_NAME = AccentColor;
				CODE_SIGN_STYLE = Automatic;
				DEVELOPMENT_TEAM = 556335494D;
				INFOPLIST_FILE = "ICE-08-ARKit/Info.plist";
				LD_RUNPATH_SEARCH_PATHS = (
					"$(inherited)",
					"@executable_path/Frameworks",
				);
				PRODUCT_BUNDLE_IDENTIFIER = "ca.centennialcollege.mobile.ICE-08-ARKit";
				PRODUCT_NAME = "$(TARGET_NAME)";
				SWIFT_VERSION = 5.0;
				TARGETED_DEVICE_FAMILY = "1,2";
			};
			name = Release;
		};
/* End XCBuildConfiguration section */

/* Begin XCConfigurationList section */
		EB82935E26231AA800CC01C4 /* Build configuration list for PBXProject "ICE-08-ARKit" */ = {
			isa = XCConfigurationList;
			buildConfigurations = (
				EB82937526231AAA00CC01C4 /* Debug */,
				EB82937626231AAA00CC01C4 /* Release */,
			);
			defaultConfigurationIsVisible = 0;
			defaultConfigurationName = Release;
		};
		EB82937726231AAA00CC01C4 /* Build configuration list for PBXNativeTarget "ICE-08-ARKit" */ = {
			isa = XCConfigurationList;
			buildConfigurations = (
				EB82937826231AAA00CC01C4 /* Debug */,
				EB82937926231AAA00CC01C4 /* Release */,
			);
			defaultConfigurationIsVisible = 0;
			defaultConfigurationName = Release;
		};
/* End XCConfigurationList section */
	};
	rootObject = EB82935B26231AA800CC01C4 /* Project object */;
}
